
Microsoft Visual Studio Solution File, Format Version 12.00
# Visual Studio Version 16
VisualStudioVersion = 16.0.29326.143
MinimumVisualStudioVersion = 10.0.40219.1
Project("{FAE04EC0-301F-11D3-BF4B-00C04F79EFBC}") = "Lab2", "Lab2\Lab2.csproj", "{2F397788-688F-44C6-9F58-3689E8F82459}"
EndProject
Global
	GlobalSection(SolutionConfigurationPlatforms) = preSolution
		Debug|Any CPU = Debug|Any CPU
		Release|Any CPU = Release|Any CPU
	EndGlobalSection
	GlobalSection(ProjectConfigurationPlatforms) = postSolution
		{2F397788-688F-44C6-9F58-3689E8F82459}.Debug|Any CPU.ActiveCfg = Debug|Any CPU
		{2F397788-688F-44C6-9F58-3689E8F82459}.Debug|Any CPU.Build.0 = Debug|Any CPU
		{2F397788-688F-44C6-9F58-3689E8F82459}.Release|Any CPU.ActiveCfg = Release|Any CPU
		{2F397788-688F-44C6-9F58-3689E8F82459}.Release|Any CPU.Build.0 = Release|Any CPU
	EndGlobalSection
	GlobalSection(SolutionProperties) = preSolution
		HideSolutionNode = FALSE
	EndGlobalSection
	GlobalSection(ExtensibilityGlobals) = postSolution
		SolutionGuid = {50D8C467-0908-4451-8883-52263F0A2466}
	EndGlobalSection
EndGlobal
